
Microsoft Visual Studio Solution File, Format Version 12.00
# Visual Studio Version 16
VisualStudioVersion = 16.0.30621.155
MinimumVisualStudioVersion = 10.0.40219.1
Project("{9A19103F-16F7-4668-BE54-9A1E7A4F7556}") = "Camekan.WebAPI", "Camekan.API\Camekan.WebAPI.csproj", "{28B4A09E-CA08-443B-9E92-CAEBDF5F25CD}"
EndProject
Project("{9A19103F-16F7-4668-BE54-9A1E7A4F7556}") = "Camekan.Entities", "Camekan.Entities\Camekan.Entities.csproj", "{F56CE6C7-7855-4B6B-A702-E3B2739A596A}"
EndProject
Project("{9A19103F-16F7-4668-BE54-9A1E7A4F7556}") = "Camekan.DataAccess", "Camekan.DataAccess\Camekan.DataAccess.csproj", "{8E438A9E-716E-4F2B-BF6D-74E229A436FD}"
EndProject
Project("{2150E333-8FDC-42A3-9474-1A3956D46DE8}") = "Solution Items", "Solution Items", "{483697BE-F1CF-4846-B869-974C10E1C927}"
	ProjectSection(SolutionItems) = preProject
		ReadMe.md = ReadMe.md
	EndProjectSection
EndProject
Project("{FAE04EC0-301F-11D3-BF4B-00C04F79EFBC}") = "Camekan.DataTransferObject", "Camekan.DataTransferObject\Camekan.DataTransferObject.csproj", "{8D88D246-32E1-4D62-A3F6-2183A5096344}"
EndProject
Global
	GlobalSection(SolutionConfigurationPlatforms) = preSolution
		Debug|Any CPU = Debug|Any CPU
		Release|Any CPU = Release|Any CPU
	EndGlobalSection
	GlobalSection(ProjectConfigurationPlatforms) = postSolution
		{28B4A09E-CA08-443B-9E92-CAEBDF5F25CD}.Debug|Any CPU.ActiveCfg = Debug|Any CPU
		{28B4A09E-CA08-443B-9E92-CAEBDF5F25CD}.Debug|Any CPU.Build.0 = Debug|Any CPU
		{28B4A09E-CA08-443B-9E92-CAEBDF5F25CD}.Release|Any CPU.ActiveCfg = Release|Any CPU
		{28B4A09E-CA08-443B-9E92-CAEBDF5F25CD}.Release|Any CPU.Build.0 = Release|Any CPU
		{F56CE6C7-7855-4B6B-A702-E3B2739A596A}.Debug|Any CPU.ActiveCfg = Debug|Any CPU
		{F56CE6C7-7855-4B6B-A702-E3B2739A596A}.Debug|Any CPU.Build.0 = Debug|Any CPU
		{F56CE6C7-7855-4B6B-A702-E3B2739A596A}.Release|Any CPU.ActiveCfg = Release|Any CPU
		{F56CE6C7-7855-4B6B-A702-E3B2739A596A}.Release|Any CPU.Build.0 = Release|Any CPU
		{8E438A9E-716E-4F2B-BF6D-74E229A436FD}.Debug|Any CPU.ActiveCfg = Debug|Any CPU
		{8E438A9E-716E-4F2B-BF6D-74E229A436FD}.Debug|Any CPU.Build.0 = Debug|Any CPU
		{8E438A9E-716E-4F2B-BF6D-74E229A436FD}.Release|Any CPU.ActiveCfg = Release|Any CPU
		{8E438A9E-716E-4F2B-BF6D-74E229A436FD}.Release|Any CPU.Build.0 = Release|Any CPU
		{8D88D246-32E1-4D62-A3F6-2183A5096344}.Debug|Any CPU.ActiveCfg = Debug|Any CPU
		{8D88D246-32E1-4D62-A3F6-2183A5096344}.Debug|Any CPU.Build.0 = Debug|Any CPU
		{8D88D246-32E1-4D62-A3F6-2183A5096344}.Release|Any CPU.ActiveCfg = Release|Any CPU
		{8D88D246-32E1-4D62-A3F6-2183A5096344}.Release|Any CPU.Build.0 = Release|Any CPU
	EndGlobalSection
	GlobalSection(SolutionProperties) = preSolution
		HideSolutionNode = FALSE
	EndGlobalSection
	GlobalSection(ExtensibilityGlobals) = postSolution
		SolutionGuid = {EE9BAFAA-BAD8-40CE-B58E-7C4E78A399D4}
	EndGlobalSection
EndGlobal
